
Microsoft Visual Studio Solution File, Format Version 12.00
# Visual Studio Version 17
VisualStudioVersion = 17.5.002.0
MinimumVisualStudioVersion = 10.0.40219.1
Project("{2150E333-8FDC-42A3-9474-1A3956D46DE8}") = "backend", "backend", "{8A5AAA26-2424-4186-A6BD-5F7C38A5CED3}"
EndProject
Project("{2150E333-8FDC-42A3-9474-1A3956D46DE8}") = "core", "core", "{7D392390-77E4-4A55-BB70-840965143728}"
EndProject
Project("{9A19103F-16F7-4668-BE54-9A1E7A4F7556}") = "wtw-service-core", "backend\core\wtw-service-core\wtw-service-core.csproj", "{34580005-2306-4710-A4A7-555DD4EB40B1}"
EndProject
Project("{2150E333-8FDC-42A3-9474-1A3956D46DE8}") = "api", "api", "{8DC1A3CE-1BBF-462D-8CA9-512EAEDFD31C}"
EndProject
Project("{9A19103F-16F7-4668-BE54-9A1E7A4F7556}") = "wtw-service-api", "backend\api\wtw-service-api\wtw-service-api.csproj", "{599E69A8-5A13-4E58-9B40-DC7F9529725A}"
EndProject
Global
	GlobalSection(SolutionConfigurationPlatforms) = preSolution
		Debug|Any CPU = Debug|Any CPU
		Release|Any CPU = Release|Any CPU
	EndGlobalSection
	GlobalSection(ProjectConfigurationPlatforms) = postSolution
		{34580005-2306-4710-A4A7-555DD4EB40B1}.Debug|Any CPU.ActiveCfg = Debug|Any CPU
		{34580005-2306-4710-A4A7-555DD4EB40B1}.Debug|Any CPU.Build.0 = Debug|Any CPU
		{34580005-2306-4710-A4A7-555DD4EB40B1}.Release|Any CPU.ActiveCfg = Release|Any CPU
		{34580005-2306-4710-A4A7-555DD4EB40B1}.Release|Any CPU.Build.0 = Release|Any CPU
		{599E69A8-5A13-4E58-9B40-DC7F9529725A}.Debug|Any CPU.ActiveCfg = Debug|Any CPU
		{599E69A8-5A13-4E58-9B40-DC7F9529725A}.Debug|Any CPU.Build.0 = Debug|Any CPU
		{599E69A8-5A13-4E58-9B40-DC7F9529725A}.Release|Any CPU.ActiveCfg = Release|Any CPU
		{599E69A8-5A13-4E58-9B40-DC7F9529725A}.Release|Any CPU.Build.0 = Release|Any CPU
	EndGlobalSection
	GlobalSection(SolutionProperties) = preSolution
		HideSolutionNode = FALSE
	EndGlobalSection
	GlobalSection(NestedProjects) = preSolution
		{7D392390-77E4-4A55-BB70-840965143728} = {8A5AAA26-2424-4186-A6BD-5F7C38A5CED3}
		{34580005-2306-4710-A4A7-555DD4EB40B1} = {7D392390-77E4-4A55-BB70-840965143728}
		{8DC1A3CE-1BBF-462D-8CA9-512EAEDFD31C} = {8A5AAA26-2424-4186-A6BD-5F7C38A5CED3}
		{599E69A8-5A13-4E58-9B40-DC7F9529725A} = {8DC1A3CE-1BBF-462D-8CA9-512EAEDFD31C}
	EndGlobalSection
	GlobalSection(ExtensibilityGlobals) = postSolution
		SolutionGuid = {AE9FBF86-974E-4019-87E8-0790FEA3E58B}
	EndGlobalSection
EndGlobal
